PODS:
  - Alamofire (4.9.0)
  - Nimble (8.0.4)
  - Quick (2.2.0)

DEPENDENCIES:
  - Alamofire
  - Nimble
  - Quick

SPEC REPOS:
  https://github.com/cocoapods/specs.git:
    - Alamofire
    - Nimble
    - Quick

SPEC CHECKSUMS:
  Alamofire: afc3e7c6db61476cb45cdd23fed06bad03bbc321
  Nimble: 18d5360282923225d62b09d781f63abc1a0111fc
  Quick: 7fb19e13be07b5dfb3b90d4f9824c855a11af40e

PODFILE CHECKSUM: b4a977086578af1ac0dd213fdcb216ab1404f635

COCOAPODS: 1.7.3
