// !$*UTF8*$!
{
	archiveVersion = 1;
	classes = {
	};
	objectVersion = 51;
	objects = {

/* Begin PBXBuildFile section */
		2A83A3DB3356DFC9C11FDFF1 /* Pods_TweetMD.framework in Frameworks */ = {isa = PBXBuildFile; fileRef = 4FFAF6961E802C0D0E8E1D09 /* Pods_TweetMD.framework */; };
		45135943A6CFDD2669932086 /* Pods_TweetMDTests.framework in Frameworks */ = {isa = PBXBuildFile; fileRef = 0606D29829913388A4EC7D04 /* Pods_TweetMDTests.framework */; };
		5E1505B321E95BD00094FF45 /* AppDelegate.swift in Sources */ = {isa = PBXBuildFile; fileRef = 5E1505B221E95BD00094FF45 /* AppDelegate.swift */; };
		5E1505B521E95BD00094FF45 /* FeedVC.swift in Sources */ = {isa = PBXBuildFile; fileRef = 5E1505B421E95BD00094FF45 /* FeedVC.swift */; };
		5E1505BA21E95BD20094FF45 /* Assets.xcassets in Resources */ = {isa = PBXBuildFile; fileRef = 5E1505B921E95BD20094FF45 /* Assets.xcassets */; };
		5ED44DEE21F15C5D004E34AA /* FeedVC.xib in Resources */ = {isa = PBXBuildFile; fileRef = 5ED44DED21F15C5D004E34AA /* FeedVC.xib */; };
		5ED44DF021F15F49004E34AA /* FeedVM.swift in Sources */ = {isa = PBXBuildFile; fileRef = 5ED44DEF21F15F49004E34AA /* FeedVM.swift */; };
		5ED44DF521F293E1004E34AA /* Tweet.swift in Sources */ = {isa = PBXBuildFile; fileRef = 5ED44DF421F293E1004E34AA /* Tweet.swift */; };
		5ED44DF721F7B9A2004E34AA /* FeedCell.swift in Sources */ = {isa = PBXBuildFile; fileRef = 5ED44DF621F7B9A1004E34AA /* FeedCell.swift */; };
		5ED44DF921F7B9AA004E34AA /* FeedCell.xib in Resources */ = {isa = PBXBuildFile; fileRef = 5ED44DF821F7B9AA004E34AA /* FeedCell.xib */; };
		5ED44DFB21F7C974004E34AA /* WebProvider.swift in Sources */ = {isa = PBXBuildFile; fileRef = 5ED44DFA21F7C974004E34AA /* WebProvider.swift */; };
		5ED44DFF21F8DDF1004E34AA /* User.swift in Sources */ = {isa = PBXBuildFile; fileRef = 5ED44DFE21F8DDF1004E34AA /* User.swift */; };
		5ED44E0221F8E129004E34AA /* Date+Extensions.swift in Sources */ = {isa = PBXBuildFile; fileRef = 5ED44E0121F8E129004E34AA /* Date+Extensions.swift */; };
		5ED44E0521FA7098004E34AA /* TweetDetailVC.swift in Sources */ = {isa = PBXBuildFile; fileRef = 5ED44E0421FA7098004E34AA /* TweetDetailVC.swift */; };
		5ED44E0721FA70BC004E34AA /* TweetDetailVC.xib in Resources */ = {isa = PBXBuildFile; fileRef = 5ED44E0621FA70BC004E34AA /* TweetDetailVC.xib */; };
		5ED44E0921FA70CB004E34AA /* TweetDetailVM.swift in Sources */ = {isa = PBXBuildFile; fileRef = 5ED44E0821FA70CB004E34AA /* TweetDetailVM.swift */; };
		5ED44E0B21FA8575004E34AA /* UIColor+Extensions.swift in Sources */ = {isa = PBXBuildFile; fileRef = 5ED44E0A21FA8574004E34AA /* UIColor+Extensions.swift */; };
		5ED44E0F21FBB654004E34AA /* LaunchView.xib in Resources */ = {isa = PBXBuildFile; fileRef = 5ED44E0E21FBB654004E34AA /* LaunchView.xib */; };
		7E338039257D36D100404ADF /* Date+ExtensionsTests.swift in Sources */ = {isa = PBXBuildFile; fileRef = 7E338038257D36D100404ADF /* Date+ExtensionsTests.swift */; };
		7E338040257EA2CD00404ADF /* Favorites.swift in Sources */ = {isa = PBXBuildFile; fileRef = 7E33803F257EA2CD00404ADF /* Favorites.swift */; };
		7E338044257EB38D00404ADF /* FavoritesTests.swift in Sources */ = {isa = PBXBuildFile; fileRef = 7E338043257EB38D00404ADF /* FavoritesTests.swift */; };
		7ED94E97257BE590006D53EC /* UIColor+ExtensionsTests.swift in Sources */ = {isa = PBXBuildFile; fileRef = 7ED94E96257BE590006D53EC /* UIColor+ExtensionsTests.swift */; };
		7ED94E9D257BECD7006D53EC /* TweetLC.swift in Sources */ = {isa = PBXBuildFile; fileRef = 7ED94E9C257BECD7006D53EC /* TweetLC.swift */; };
		7ED94EA1257BFE3D006D53EC /* TweetLCTests.swift in Sources */ = {isa = PBXBuildFile; fileRef = 7ED94EA0257BFE3D006D53EC /* TweetLCTests.swift */; };
/* End PBXBuildFile section */

/* Begin PBXContainerItemProxy section */
		5E1505C421E95BD20094FF45 /* PBXContainerItemProxy */ = {
			isa = PBXContainerItemProxy;
			containerPortal = 5E1505A721E95BD00094FF45 /* Project object */;
			proxyType = 1;
			remoteGlobalIDString = 5E1505AE21E95BD00094FF45;
			remoteInfo = TweetMD;
		};
/* End PBXContainerItemProxy section */

/* Begin PBXFileReference section */
		0606D29829913388A4EC7D04 /* Pods_TweetMDTests.framework */ = {isa = PBXFileReference; explicitFileType = wrapper.framework; includeInIndex = 0; path = Pods_TweetMDTests.framework; sourceTree = BUILT_PRODUCTS_DIR; };
		2161467EC06489EF71648642 /* Pods-TweetMD.release.xcconfig */ = {isa = PBXFileReference; includeInIndex = 1; lastKnownFileType = text.xcconfig; name = "Pods-TweetMD.release.xcconfig"; path = "Pods/Target Support Files/Pods-TweetMD/Pods-TweetMD.release.xcconfig"; sourceTree = "<group>"; };
		4FFAF6961E802C0D0E8E1D09 /* Pods_TweetMD.framework */ = {isa = PBXFileReference; explicitFileType = wrapper.framework; includeInIndex = 0; path = Pods_TweetMD.framework; sourceTree = BUILT_PRODUCTS_DIR; };
		50C6A25290B32A5DA9D70D87 /* Pods-TweetMDTests.release.xcconfig */ = {isa = PBXFileReference; includeInIndex = 1; lastKnownFileType = text.xcconfig; name = "Pods-TweetMDTests.release.xcconfig"; path = "Pods/Target Support Files/Pods-TweetMDTests/Pods-TweetMDTests.release.xcconfig"; sourceTree = "<group>"; };
		5E1505AF21E95BD00094FF45 /* TweetMD.app */ = {isa = PBXFileReference; explicitFileType = wrapper.application; includeInIndex = 0; path = TweetMD.app; sourceTree = BUILT_PRODUCTS_DIR; };
		5E1505B221E95BD00094FF45 /* AppDelegate.swift */ = {isa = PBXFileReference; lastKnownFileType = sourcecode.swift; path = AppDelegate.swift; sourceTree = "<group>"; };
		5E1505B421E95BD00094FF45 /* FeedVC.swift */ = {isa = PBXFileReference; lastKnownFileType = sourcecode.swift; path = FeedVC.swift; sourceTree = "<group>"; };
		5E1505B921E95BD20094FF45 /* Assets.xcassets */ = {isa = PBXFileReference; lastKnownFileType = folder.assetcatalog; path = Assets.xcassets; sourceTree = "<group>"; };
		5E1505BE21E95BD20094FF45 /* Info.plist */ = {isa = PBXFileReference; lastKnownFileType = text.plist.xml; path = Info.plist; sourceTree = "<group>"; };
		5E1505C321E95BD20094FF45 /* TweetMDTests.xctest */ = {isa = PBXFileReference; explicitFileType = wrapper.cfbundle; includeInIndex = 0; path = TweetMDTests.xctest; sourceTree = BUILT_PRODUCTS_DIR; };
		5E1505C921E95BD30094FF45 /* Info.plist */ = {isa = PBXFileReference; lastKnownFileType = text.plist.xml; path = Info.plist; sourceTree = "<group>"; };
		5ED44DED21F15C5D004E34AA /* FeedVC.xib */ = {isa = PBXFileReference; lastKnownFileType = file.xib; path = FeedVC.xib; sourceTree = "<group>"; };
		5ED44DEF21F15F49004E34AA /* FeedVM.swift */ = {isa = PBXFileReference; lastKnownFileType = sourcecode.swift; path = FeedVM.swift; sourceTree = "<group>"; };
		5ED44DF421F293E1004E34AA /* Tweet.swift */ = {isa = PBXFileReference; lastKnownFileType = sourcecode.swift; path = Tweet.swift; sourceTree = "<group>"; };
		5ED44DF621F7B9A1004E34AA /* FeedCell.swift */ = {isa = PBXFileReference; lastKnownFileType = sourcecode.swift; path = FeedCell.swift; sourceTree = "<group>"; };
		5ED44DF821F7B9AA004E34AA /* FeedCell.xib */ = {isa = PBXFileReference; lastKnownFileType = file.xib; path = FeedCell.xib; sourceTree = "<group>"; };
		5ED44DFA21F7C974004E34AA /* WebProvider.swift */ = {isa = PBXFileReference; lastKnownFileType = sourcecode.swift; path = WebProvider.swift; sourceTree = "<group>"; };
		5ED44DFE21F8DDF1004E34AA /* User.swift */ = {isa = PBXFileReference; lastKnownFileType = sourcecode.swift; path = User.swift; sourceTree = "<group>"; };
		5ED44E0121F8E129004E34AA /* Date+Extensions.swift */ = {isa = PBXFileReference; lastKnownFileType = sourcecode.swift; path = "Date+Extensions.swift"; sourceTree = "<group>"; };
		5ED44E0421FA7098004E34AA /* TweetDetailVC.swift */ = {isa = PBXFileReference; lastKnownFileType = sourcecode.swift; path = TweetDetailVC.swift; sourceTree = "<group>"; };
		5ED44E0621FA70BC004E34AA /* TweetDetailVC.xib */ = {isa = PBXFileReference; lastKnownFileType = file.xib; path = TweetDetailVC.xib; sourceTree = "<group>"; };
		5ED44E0821FA70CB004E34AA /* TweetDetailVM.swift */ = {isa = PBXFileReference; lastKnownFileType = sourcecode.swift; path = TweetDetailVM.swift; sourceTree = "<group>"; };
		5ED44E0A21FA8574004E34AA /* UIColor+Extensions.swift */ = {isa = PBXFileReference; lastKnownFileType = sourcecode.swift; path = "UIColor+Extensions.swift"; sourceTree = "<group>"; };
		5ED44E0E21FBB654004E34AA /* LaunchView.xib */ = {isa = PBXFileReference; lastKnownFileType = file.xib; path = LaunchView.xib; sourceTree = "<group>"; };
		7E338038257D36D100404ADF /* Date+ExtensionsTests.swift */ = {isa = PBXFileReference; lastKnownFileType = sourcecode.swift; path = "Date+ExtensionsTests.swift"; sourceTree = "<group>"; };
		7E33803F257EA2CD00404ADF /* Favorites.swift */ = {isa = PBXFileReference; lastKnownFileType = sourcecode.swift; path = Favorites.swift; sourceTree = "<group>"; };
		7E338043257EB38D00404ADF /* FavoritesTests.swift */ = {isa = PBXFileReference; lastKnownFileType = sourcecode.swift; path = FavoritesTests.swift; sourceTree = "<group>"; };
		7ED94E96257BE590006D53EC /* UIColor+ExtensionsTests.swift */ = {isa = PBXFileReference; lastKnownFileType = sourcecode.swift; path = "UIColor+ExtensionsTests.swift"; sourceTree = "<group>"; };
		7ED94E9C257BECD7006D53EC /* TweetLC.swift */ = {isa = PBXFileReference; lastKnownFileType = sourcecode.swift; path = TweetLC.swift; sourceTree = "<group>"; };
		7ED94EA0257BFE3D006D53EC /* TweetLCTests.swift */ = {isa = PBXFileReference; lastKnownFileType = sourcecode.swift; path = TweetLCTests.swift; sourceTree = "<group>"; };
		9B6E9C7B04D9A5CE84C1EDD4 /* Pods-TweetMDTests.debug.xcconfig */ = {isa = PBXFileReference; includeInIndex = 1; lastKnownFileType = text.xcconfig; name = "Pods-TweetMDTests.debug.xcconfig"; path = "Pods/Target Support Files/Pods-TweetMDTests/Pods-TweetMDTests.debug.xcconfig"; sourceTree = "<group>"; };
		C9FD74DE93EEB17F2608C18C /* Pods-TweetMD.debug.xcconfig */ = {isa = PBXFileReference; includeInIndex = 1; lastKnownFileType = text.xcconfig; name = "Pods-TweetMD.debug.xcconfig"; path = "Pods/Target Support Files/Pods-TweetMD/Pods-TweetMD.debug.xcconfig"; sourceTree = "<group>"; };
/* End PBXFileReference section */

/* Begin PBXFrameworksBuildPhase section */
		5E1505AC21E95BD00094FF45 /* Frameworks */ = {
			isa = PBXFrameworksBuildPhase;
			buildActionMask = 2147483647;
			files = (
				2A83A3DB3356DFC9C11FDFF1 /* Pods_TweetMD.framework in Frameworks */,
			);
			runOnlyForDeploymentPostprocessing = 0;
		};
		5E1505C021E95BD20094FF45 /* Frameworks */ = {
			isa = PBXFrameworksBuildPhase;
			buildActionMask = 2147483647;
			files = (
				45135943A6CFDD2669932086 /* Pods_TweetMDTests.framework in Frameworks */,
			);
			runOnlyForDeploymentPostprocessing = 0;
		};
/* End PBXFrameworksBuildPhase section */

/* Begin PBXGroup section */
		0B57C66988BE93BE22CD0BCB /* Pods */ = {
			isa = PBXGroup;
			children = (
				C9FD74DE93EEB17F2608C18C /* Pods-TweetMD.debug.xcconfig */,
				2161467EC06489EF71648642 /* Pods-TweetMD.release.xcconfig */,
				9B6E9C7B04D9A5CE84C1EDD4 /* Pods-TweetMDTests.debug.xcconfig */,
				50C6A25290B32A5DA9D70D87 /* Pods-TweetMDTests.release.xcconfig */,
			);
			name = Pods;
			sourceTree = "<group>";
		};
		5E1505A621E95BD00094FF45 = {
			isa = PBXGroup;
			children = (
				5E1505B121E95BD00094FF45 /* TweetMD */,
				5E1505C621E95BD30094FF45 /* TweetMDTests */,
				5E1505B021E95BD00094FF45 /* Products */,
				0B57C66988BE93BE22CD0BCB /* Pods */,
				A0514E5CFF12A4099BB5A920 /* Frameworks */,
			);
			sourceTree = "<group>";
		};
		5E1505B021E95BD00094FF45 /* Products */ = {
			isa = PBXGroup;
			children = (
				5E1505AF21E95BD00094FF45 /* TweetMD.app */,
				5E1505C321E95BD20094FF45 /* TweetMDTests.xctest */,
			);
			name = Products;
			sourceTree = "<group>";
		};
		5E1505B121E95BD00094FF45 /* TweetMD */ = {
			isa = PBXGroup;
			children = (
				5ED44E0021F8E11C004E34AA /* Extensions */,
				5ED44DFD21F8DDD6004E34AA /* Models */,
				5ED44DFC21F8DD29004E34AA /* WebProvider */,
				5ED44DF121F24888004E34AA /* FeedView */,
				5ED44E0321FA7082004E34AA /* TweetDetailView */,
				7E33803E257EA2B200404ADF /* Favorites */,
				5E1505B221E95BD00094FF45 /* AppDelegate.swift */,
				5E1505B921E95BD20094FF45 /* Assets.xcassets */,
				5E1505BE21E95BD20094FF45 /* Info.plist */,
				5ED44E0E21FBB654004E34AA /* LaunchView.xib */,
			);
			path = TweetMD;
			sourceTree = "<group>";
		};
		5E1505C621E95BD30094FF45 /* TweetMDTests */ = {
			isa = PBXGroup;
			children = (
				5E1505C921E95BD30094FF45 /* Info.plist */,
				7ED94E96257BE590006D53EC /* UIColor+ExtensionsTests.swift */,
				7ED94EA0257BFE3D006D53EC /* TweetLCTests.swift */,
				7E338038257D36D100404ADF /* Date+ExtensionsTests.swift */,
				7E338043257EB38D00404ADF /* FavoritesTests.swift */,
			);
			path = TweetMDTests;
			sourceTree = "<group>";
		};
		5ED44DF121F24888004E34AA /* FeedView */ = {
			isa = PBXGroup;
			children = (
				5E1505B421E95BD00094FF45 /* FeedVC.swift */,
				5ED44DED21F15C5D004E34AA /* FeedVC.xib */,
				5ED44DEF21F15F49004E34AA /* FeedVM.swift */,
				5ED44DF621F7B9A1004E34AA /* FeedCell.swift */,
				5ED44DF821F7B9AA004E34AA /* FeedCell.xib */,
				7ED94E9C257BECD7006D53EC /* TweetLC.swift */,
			);
			path = FeedView;
			sourceTree = "<group>";
		};
		5ED44DFC21F8DD29004E34AA /* WebProvider */ = {
			isa = PBXGroup;
			children = (
				5ED44DFA21F7C974004E34AA /* WebProvider.swift */,
			);
			path = WebProvider;
			sourceTree = "<group>";
		};
		5ED44DFD21F8DDD6004E34AA /* Models */ = {
			isa = PBXGroup;
			children = (
				5ED44DF421F293E1004E34AA /* Tweet.swift */,
				5ED44DFE21F8DDF1004E34AA /* User.swift */,
			);
			path = Models;
			sourceTree = "<group>";
		};
		5ED44E0021F8E11C004E34AA /* Extensions */ = {
			isa = PBXGroup;
			children = (
				5ED44E0121F8E129004E34AA /* Date+Extensions.swift */,
				5ED44E0A21FA8574004E34AA /* UIColor+Extensions.swift */,
			);
			path = Extensions;
			sourceTree = "<group>";
		};
		5ED44E0321FA7082004E34AA /* TweetDetailView */ = {
			isa = PBXGroup;
			children = (
				5ED44E0421FA7098004E34AA /* TweetDetailVC.swift */,
				5ED44E0621FA70BC004E34AA /* TweetDetailVC.xib */,
				5ED44E0821FA70CB004E34AA /* TweetDetailVM.swift */,
			);
			path = TweetDetailView;
			sourceTree = "<group>";
		};
		7E33803E257EA2B200404ADF /* Favorites */ = {
			isa = PBXGroup;
			children = (
				7E33803F257EA2CD00404ADF /* Favorites.swift */,
			);
			path = Favorites;
			sourceTree = "<group>";
		};
		A0514E5CFF12A4099BB5A920 /* Frameworks */ = {
			isa = PBXGroup;
			children = (
				4FFAF6961E802C0D0E8E1D09 /* Pods_TweetMD.framework */,
				0606D29829913388A4EC7D04 /* Pods_TweetMDTests.framework */,
			);
			name = Frameworks;
			sourceTree = "<group>";
		};
/* End PBXGroup section */

/* Begin PBXNativeTarget section */
		5E1505AE21E95BD00094FF45 /* TweetMD */ = {
			isa = PBXNativeTarget;
			buildConfigurationList = 5E1505CC21E95BD30094FF45 /* Build configuration list for PBXNativeTarget "TweetMD" */;
			buildPhases = (
				469AA985E7E3A80D59DDE9D3 /* [CP] Check Pods Manifest.lock */,
				5E1505AB21E95BD00094FF45 /* Sources */,
				5E1505AC21E95BD00094FF45 /* Frameworks */,
				5E1505AD21E95BD00094FF45 /* Resources */,
				E015FF3A0487C709B7E63A2A /* [CP] Embed Pods Frameworks */,
			);
			buildRules = (
			);
			dependencies = (
			);
			name = TweetMD;
			productName = TweetMD;
			productReference = 5E1505AF21E95BD00094FF45 /* TweetMD.app */;
			productType = "com.apple.product-type.application";
		};
		5E1505C221E95BD20094FF45 /* TweetMDTests */ = {
			isa = PBXNativeTarget;
			buildConfigurationList = 5E1505CF21E95BD30094FF45 /* Build configuration list for PBXNativeTarget "TweetMDTests" */;
			buildPhases = (
				B0EA21B5DAEB9D6A19E677A0 /* [CP] Check Pods Manifest.lock */,
				5E1505BF21E95BD20094FF45 /* Sources */,
				5E1505C021E95BD20094FF45 /* Frameworks */,
				5E1505C121E95BD20094FF45 /* Resources */,
				C2A9CCF309047F2243E7CD18 /* [CP] Embed Pods Frameworks */,
			);
			buildRules = (
			);
			dependencies = (
				5E1505C521E95BD20094FF45 /* PBXTargetDependency */,
			);
			name = TweetMDTests;
			productName = TweetMDTests;
			productReference = 5E1505C321E95BD20094FF45 /* TweetMDTests.xctest */;
			productType = "com.apple.product-type.bundle.unit-test";
		};
/* End PBXNativeTarget section */

/* Begin PBXProject section */
		5E1505A721E95BD00094FF45 /* Project object */ = {
			isa = PBXProject;
			attributes = {
				LastSwiftUpdateCheck = 1010;
				LastUpgradeCheck = 1010;
				ORGANIZATIONNAME = Doximity;
				TargetAttributes = {
					5E1505AE21E95BD00094FF45 = {
						CreatedOnToolsVersion = 10.1;
					};
					5E1505C221E95BD20094FF45 = {
						CreatedOnToolsVersion = 10.1;
						TestTargetID = 5E1505AE21E95BD00094FF45;
					};
				};
			};
			buildConfigurationList = 5E1505AA21E95BD00094FF45 /* Build configuration list for PBXProject "TweetMD" */;
			compatibilityVersion = "Xcode 9.3";
			developmentRegion = en;
			hasScannedForEncodings = 0;
			knownRegions = (
				en,
				Base,
			);
			mainGroup = 5E1505A621E95BD00094FF45;
			productRefGroup = 5E1505B021E95BD00094FF45 /* Products */;
			projectDirPath = "";
			projectRoot = "";
			targets = (
				5E1505AE21E95BD00094FF45 /* TweetMD */,
				5E1505C221E95BD20094FF45 /* TweetMDTests */,
			);
		};
/* End PBXProject section */

/* Begin PBXResourcesBuildPhase section */
		5E1505AD21E95BD00094FF45 /* Resources */ = {
			isa = PBXResourcesBuildPhase;
			buildActionMask = 2147483647;
			files = (
				5ED44E0721FA70BC004E34AA /* TweetDetailVC.xib in Resources */,
				5ED44DF921F7B9AA004E34AA /* FeedCell.xib in Resources */,
				5ED44E0F21FBB654004E34AA /* LaunchView.xib in Resources */,
				5ED44DEE21F15C5D004E34AA /* FeedVC.xib in Resources */,
				5E1505BA21E95BD20094FF45 /* Assets.xcassets in Resources */,
			);
			runOnlyForDeploymentPostprocessing = 0;
		};
		5E1505C121E95BD20094FF45 /* Resources */ = {
			isa = PBXResourcesBuildPhase;
			buildActionMask = 2147483647;
			files = (
			);
			runOnlyForDeploymentPostprocessing = 0;
		};
/* End PBXResourcesBuildPhase section */

/* Begin PBXShellScriptBuildPhase section */
		469AA985E7E3A80D59DDE9D3 /* [CP] Check Pods Manifest.lock */ = {
			isa = PBXShellScriptBuildPhase;
			buildActionMask = 2147483647;
			files = (
			);
			inputFileListPaths = (
			);
			inputPaths = (
				"${PODS_PODFILE_DIR_PATH}/Podfile.lock",
				"${PODS_ROOT}/Manifest.lock",
			);
			name = "[CP] Check Pods Manifest.lock";
			outputFileListPaths = (
			);
			outputPaths = (
				"$(DERIVED_FILE_DIR)/Pods-TweetMD-checkManifestLockResult.txt",
			);
			runOnlyForDeploymentPostprocessing = 0;
			shellPath = /bin/sh;
			shellScript = "diff \"${PODS_PODFILE_DIR_PATH}/Podfile.lock\" \"${PODS_ROOT}/Manifest.lock\" > /dev/null\nif [ $? != 0 ] ; then\n    # print error to STDERR\n    echo \"error: The sandbox is not in sync with the Podfile.lock. Run 'pod install' or update your CocoaPods installation.\" >&2\n    exit 1\nfi\n# This output is used by Xcode 'outputs' to avoid re-running this script phase.\necho \"SUCCESS\" > \"${SCRIPT_OUTPUT_FILE_0}\"\n";
			showEnvVarsInLog = 0;
		};
		B0EA21B5DAEB9D6A19E677A0 /* [CP] Check Pods Manifest.lock */ = {
			isa = PBXShellScriptBuildPhase;
			buildActionMask = 2147483647;
			files = (
			);
			inputFileListPaths = (
			);
			inputPaths = (
				"${PODS_PODFILE_DIR_PATH}/Podfile.lock",
				"${PODS_ROOT}/Manifest.lock",
			);
			name = "[CP] Check Pods Manifest.lock";
			outputFileListPaths = (
			);
			outputPaths = (
				"$(DERIVED_FILE_DIR)/Pods-TweetMDTests-checkManifestLockResult.txt",
			);
			runOnlyForDeploymentPostprocessing = 0;
			shellPath = /bin/sh;
			shellScript = "diff \"${PODS_PODFILE_DIR_PATH}/Podfile.lock\" \"${PODS_ROOT}/Manifest.lock\" > /dev/null\nif [ $? != 0 ] ; then\n    # print error to STDERR\n    echo \"error: The sandbox is not in sync with the Podfile.lock. Run 'pod install' or update your CocoaPods installation.\" >&2\n    exit 1\nfi\n# This output is used by Xcode 'outputs' to avoid re-running this script phase.\necho \"SUCCESS\" > \"${SCRIPT_OUTPUT_FILE_0}\"\n";
			showEnvVarsInLog = 0;
		};
		C2A9CCF309047F2243E7CD18 /* [CP] Embed Pods Frameworks */ = {
			isa = PBXShellScriptBuildPhase;
			buildActionMask = 2147483647;
			files = (
			);
			inputFileListPaths = (
				"${PODS_ROOT}/Target Support Files/Pods-TweetMDTests/Pods-TweetMDTests-frameworks-${CONFIGURATION}-input-files.xcfilelist",
			);
			name = "[CP] Embed Pods Frameworks";
			outputFileListPaths = (
				"${PODS_ROOT}/Target Support Files/Pods-TweetMDTests/Pods-TweetMDTests-frameworks-${CONFIGURATION}-output-files.xcfilelist",
			);
			runOnlyForDeploymentPostprocessing = 0;
			shellPath = /bin/sh;
			shellScript = "\"${PODS_ROOT}/Target Support Files/Pods-TweetMDTests/Pods-TweetMDTests-frameworks.sh\"\n";
			showEnvVarsInLog = 0;
		};
		E015FF3A0487C709B7E63A2A /* [CP] Embed Pods Frameworks */ = {
			isa = PBXShellScriptBuildPhase;
			buildActionMask = 2147483647;
			files = (
			);
			inputFileListPaths = (
				"${PODS_ROOT}/Target Support Files/Pods-TweetMD/Pods-TweetMD-frameworks-${CONFIGURATION}-input-files.xcfilelist",
			);
			name = "[CP] Embed Pods Frameworks";
			outputFileListPaths = (
				"${PODS_ROOT}/Target Support Files/Pods-TweetMD/Pods-TweetMD-frameworks-${CONFIGURATION}-output-files.xcfilelist",
			);
			runOnlyForDeploymentPostprocessing = 0;
			shellPath = /bin/sh;
			shellScript = "\"${PODS_ROOT}/Target Support Files/Pods-TweetMD/Pods-TweetMD-frameworks.sh\"\n";
			showEnvVarsInLog = 0;
		};
/* End PBXShellScriptBuildPhase section */

/* Begin PBXSourcesBuildPhase section */
		5E1505AB21E95BD00094FF45 /* Sources */ = {
			isa = PBXSourcesBuildPhase;
			buildActionMask = 2147483647;
			files = (
				5ED44DF021F15F49004E34AA /* FeedVM.swift in Sources */,
				5ED44E0221F8E129004E34AA /* Date+Extensions.swift in Sources */,
				5ED44DF521F293E1004E34AA /* Tweet.swift in Sources */,
				5E1505B521E95BD00094FF45 /* FeedVC.swift in Sources */,
				5ED44DFB21F7C974004E34AA /* WebProvider.swift in Sources */,
				5ED44E0921FA70CB004E34AA /* TweetDetailVM.swift in Sources */,
				7ED94E9D257BECD7006D53EC /* TweetLC.swift in Sources */,
				5E1505B321E95BD00094FF45 /* AppDelegate.swift in Sources */,
				5ED44DF721F7B9A2004E34AA /* FeedCell.swift in Sources */,
				5ED44E0B21FA8575004E34AA /* UIColor+Extensions.swift in Sources */,
				5ED44E0521FA7098004E34AA /* TweetDetailVC.swift in Sources */,
				5ED44DFF21F8DDF1004E34AA /* User.swift in Sources */,
				7E338040257EA2CD00404ADF /* Favorites.swift in Sources */,
			);
			runOnlyForDeploymentPostprocessing = 0;
		};
		5E1505BF21E95BD20094FF45 /* Sources */ = {
			isa = PBXSourcesBuildPhase;
			buildActionMask = 2147483647;
			files = (
				7E338039257D36D100404ADF /* Date+ExtensionsTests.swift in Sources */,
				7E338044257EB38D00404ADF /* FavoritesTests.swift in Sources */,
				7ED94EA1257BFE3D006D53EC /* TweetLCTests.swift in Sources */,
				7ED94E97257BE590006D53EC /* UIColor+ExtensionsTests.swift in Sources */,
			);
			runOnlyForDeploymentPostprocessing = 0;
		};
/* End PBXSourcesBuildPhase section */

/* Begin PBXTargetDependency section */
		5E1505C521E95BD20094FF45 /* PBXTargetDependency */ = {
			isa = PBXTargetDependency;
			target = 5E1505AE21E95BD00094FF45 /* TweetMD */;
			targetProxy = 5E1505C421E95BD20094FF45 /* PBXContainerItemProxy */;
		};
/* End PBXTargetDependency section */

/* Begin XCBuildConfiguration section */
		5E1505CA21E95BD30094FF45 /* Debug */ = {
			isa = XCBuildConfiguration;
			buildSettings = {
				ALWAYS_SEARCH_USER_PATHS = NO;
				CLANG_ANALYZER_NONNULL = YES;
				CLANG_ANALYZER_NUMBER_OBJECT_CONVERSION = YES_AGGRESSIVE;
				CLANG_CXX_LANGUAGE_STANDARD = "gnu++14";
				CLANG_CXX_LIBRARY = "libc++";
				CLANG_ENABLE_MODULES = YES;
				CLANG_ENABLE_OBJC_ARC = YES;
				CLANG_ENABLE_OBJC_WEAK = YES;
				CLANG_WARN_BLOCK_CAPTURE_AUTORELEASING = YES;
				CLANG_WARN_BOOL_CONVERSION = YES;
				CLANG_WARN_COMMA = YES;
				CLANG_WARN_CONSTANT_CONVERSION = YES;
				CLANG_WARN_DEPRECATED_OBJC_IMPLEMENTATIONS = YES;
				CLANG_WARN_DIRECT_OBJC_ISA_USAGE = YES_ERROR;
				CLANG_WARN_DOCUMENTATION_COMMENTS = YES;
				CLANG_WARN_EMPTY_BODY = YES;
				CLANG_WARN_ENUM_CONVERSION = YES;
				CLANG_WARN_INFINITE_RECURSION = YES;
				CLANG_WARN_INT_CONVERSION = YES;
				CLANG_WARN_NON_LITERAL_NULL_CONVERSION = YES;
				CLANG_WARN_OBJC_IMPLICIT_RETAIN_SELF = YES;
				CLANG_WARN_OBJC_LITERAL_CONVERSION = YES;
				CLANG_WARN_OBJC_ROOT_CLASS = YES_ERROR;
				CLANG_WARN_RANGE_LOOP_ANALYSIS = YES;
				CLANG_WARN_STRICT_PROTOTYPES = YES;
				CLANG_WARN_SUSPICIOUS_MOVE = YES;
				CLANG_WARN_UNGUARDED_AVAILABILITY = YES_AGGRESSIVE;
				CLANG_WARN_UNREACHABLE_CODE = YES;
				CLANG_WARN__DUPLICATE_METHOD_MATCH = YES;
				CODE_SIGN_IDENTITY = "iPhone Developer";
				COPY_PHASE_STRIP = NO;
				DEBUG_INFORMATION_FORMAT = dwarf;
				ENABLE_STRICT_OBJC_MSGSEND = YES;
				ENABLE_TESTABILITY = YES;
				GCC_C_LANGUAGE_STANDARD = gnu11;
				GCC_DYNAMIC_NO_PIC = NO;
				GCC_NO_COMMON_BLOCKS = YES;
				GCC_OPTIMIZATION_LEVEL = 0;
				GCC_PREPROCESSOR_DEFINITIONS = (
					"DEBUG=1",
					"$(inherited)",
				);
				GCC_WARN_64_TO_32_BIT_CONVERSION = YES;
				GCC_WARN_ABOUT_RETURN_TYPE = YES_ERROR;
				GCC_WARN_UNDECLARED_SELECTOR = YES;
				GCC_WARN_UNINITIALIZED_AUTOS = YES_AGGRESSIVE;
				GCC_WARN_UNUSED_FUNCTION = YES;
				GCC_WARN_UNUSED_VARIABLE = YES;
				IPHONEOS_DEPLOYMENT_TARGET = 12.1;
				MTL_ENABLE_DEBUG_INFO = INCLUDE_SOURCE;
				MTL_FAST_MATH = YES;
				ONLY_ACTIVE_ARCH = YES;
				SDKROOT = iphoneos;
				SWIFT_ACTIVE_COMPILATION_CONDITIONS = DEBUG;
				SWIFT_OPTIMIZATION_LEVEL = "-Onone";
			};
			name = Debug;
		};
		5E1505CB21E95BD30094FF45 /* Release */ = {
			isa = XCBuildConfiguration;
			buildSettings = {
				ALWAYS_SEARCH_USER_PATHS = NO;
				CLANG_ANALYZER_NONNULL = YES;
				CLANG_ANALYZER_NUMBER_OBJECT_CONVERSION = YES_AGGRESSIVE;
				CLANG_CXX_LANGUAGE_STANDARD = "gnu++14";
				CLANG_CXX_LIBRARY = "libc++";
				CLANG_ENABLE_MODULES = YES;
				CLANG_ENABLE_OBJC_ARC = YES;
				CLANG_ENABLE_OBJC_WEAK = YES;
				CLANG_WARN_BLOCK_CAPTURE_AUTORELEASING = YES;
				CLANG_WARN_BOOL_CONVERSION = YES;
				CLANG_WARN_COMMA = YES;
				CLANG_WARN_CONSTANT_CONVERSION = YES;
				CLANG_WARN_DEPRECATED_OBJC_IMPLEMENTATIONS = YES;
				CLANG_WARN_DIRECT_OBJC_ISA_USAGE = YES_ERROR;
				CLANG_WARN_DOCUMENTATION_COMMENTS = YES;
				CLANG_WARN_EMPTY_BODY = YES;
				CLANG_WARN_ENUM_CONVERSION = YES;
				CLANG_WARN_INFINITE_RECURSION = YES;
				CLANG_WARN_INT_CONVERSION = YES;
				CLANG_WARN_NON_LITERAL_NULL_CONVERSION = YES;
				CLANG_WARN_OBJC_IMPLICIT_RETAIN_SELF = YES;
				CLANG_WARN_OBJC_LITERAL_CONVERSION = YES;
				CLANG_WARN_OBJC_ROOT_CLASS = YES_ERROR;
				CLANG_WARN_RANGE_LOOP_ANALYSIS = YES;
				CLANG_WARN_STRICT_PROTOTYPES = YES;
				CLANG_WARN_SUSPICIOUS_MOVE = YES;
				CLANG_WARN_UNGUARDED_AVAILABILITY = YES_AGGRESSIVE;
				CLANG_WARN_UNREACHABLE_CODE = YES;
				CLANG_WARN__DUPLICATE_METHOD_MATCH = YES;
				CODE_SIGN_IDENTITY = "iPhone Developer";
				COPY_PHASE_STRIP = NO;
				DEBUG_INFORMATION_FORMAT = "dwarf-with-dsym";
				ENABLE_NS_ASSERTIONS = NO;
				ENABLE_STRICT_OBJC_MSGSEND = YES;
				GCC_C_LANGUAGE_STANDARD = gnu11;
				GCC_NO_COMMON_BLOCKS = YES;
				GCC_WARN_64_TO_32_BIT_CONVERSION = YES;
				GCC_WARN_ABOUT_RETURN_TYPE = YES_ERROR;
				GCC_WARN_UNDECLARED_SELECTOR = YES;
				GCC_WARN_UNINITIALIZED_AUTOS = YES_AGGRESSIVE;
				GCC_WARN_UNUSED_FUNCTION = YES;
				GCC_WARN_UNUSED_VARIABLE = YES;
				IPHONEOS_DEPLOYMENT_TARGET = 12.1;
				MTL_ENABLE_DEBUG_INFO = NO;
				MTL_FAST_MATH = YES;
				SDKROOT = iphoneos;
				SWIFT_COMPILATION_MODE = wholemodule;
				SWIFT_OPTIMIZATION_LEVEL = "-O";
				VALIDATE_PRODUCT = YES;
			};
			name = Release;
		};
		5E1505CD21E95BD30094FF45 /* Debug */ = {
			isa = XCBuildConfiguration;
			baseConfigurationReference = C9FD74DE93EEB17F2608C18C /* Pods-TweetMD.debug.xcconfig */;
			buildSettings = {
				ASSETCATALOG_COMPILER_APPICON_NAME = AppIcon;
				CODE_SIGN_STYLE = Automatic;
				DEVELOPMENT_TEAM = 634BMM2SZM;
				INFOPLIST_FILE = TweetMD/Info.plist;
				LD_RUNPATH_SEARCH_PATHS = (
					"$(inherited)",
					"@executable_path/Frameworks",
				);
				PRODUCT_BUNDLE_IDENTIFIER = com.doximity.TweetMD;
				PRODUCT_NAME = "$(TARGET_NAME)";
				SWIFT_VERSION = 4.2;
				TARGETED_DEVICE_FAMILY = "1,2";
			};
			name = Debug;
		};
		5E1505CE21E95BD30094FF45 /* Release */ = {
			isa = XCBuildConfiguration;
			baseConfigurationReference = 2161467EC06489EF71648642 /* Pods-TweetMD.release.xcconfig */;
			buildSettings = {
				ASSETCATALOG_COMPILER_APPICON_NAME = AppIcon;
				CODE_SIGN_STYLE = Automatic;
				DEVELOPMENT_TEAM = 634BMM2SZM;
				INFOPLIST_FILE = TweetMD/Info.plist;
				LD_RUNPATH_SEARCH_PATHS = (
					"$(inherited)",
					"@executable_path/Frameworks",
				);
				PRODUCT_BUNDLE_IDENTIFIER = com.doximity.TweetMD;
				PRODUCT_NAME = "$(TARGET_NAME)";
				SWIFT_VERSION = 4.2;
				TARGETED_DEVICE_FAMILY = "1,2";
			};
			name = Release;
		};
		5E1505D021E95BD30094FF45 /* Debug */ = {
			isa = XCBuildConfiguration;
			baseConfigurationReference = 9B6E9C7B04D9A5CE84C1EDD4 /* Pods-TweetMDTests.debug.xcconfig */;
			buildSettings = {
				ALWAYS_EMBED_SWIFT_STANDARD_LIBRARIES = YES;
				BUNDLE_LOADER = "$(TEST_HOST)";
				CODE_SIGN_STYLE = Automatic;
				DEVELOPMENT_TEAM = PRDNMQMLZ9;
				INFOPLIST_FILE = TweetMDTests/Info.plist;
				LD_RUNPATH_SEARCH_PATHS = (
					"$(inherited)",
					"@executable_path/Frameworks",
					"@loader_path/Frameworks",
				);
				PRODUCT_BUNDLE_IDENTIFIER = com.doximity.TweetMDTests;
				PRODUCT_NAME = "$(TARGET_NAME)";
				SWIFT_VERSION = 4.2;
				TARGETED_DEVICE_FAMILY = "1,2";
				TEST_HOST = "$(BUILT_PRODUCTS_DIR)/TweetMD.app/TweetMD";
			};
			name = Debug;
		};
		5E1505D121E95BD30094FF45 /* Release */ = {
			isa = XCBuildConfiguration;
			baseConfigurationReference = 50C6A25290B32A5DA9D70D87 /* Pods-TweetMDTests.release.xcconfig */;
			buildSettings = {
				ALWAYS_EMBED_SWIFT_STANDARD_LIBRARIES = YES;
				BUNDLE_LOADER = "$(TEST_HOST)";
				CODE_SIGN_STYLE = Automatic;
				DEVELOPMENT_TEAM = PRDNMQMLZ9;
				INFOPLIST_FILE = TweetMDTests/Info.plist;
				LD_RUNPATH_SEARCH_PATHS = (
					"$(inherited)",
					"@executable_path/Frameworks",
					"@loader_path/Frameworks",
				);
				PRODUCT_BUNDLE_IDENTIFIER = com.doximity.TweetMDTests;
				PRODUCT_NAME = "$(TARGET_NAME)";
				SWIFT_VERSION = 4.2;
				TARGETED_DEVICE_FAMILY = "1,2";
				TEST_HOST = "$(BUILT_PRODUCTS_DIR)/TweetMD.app/TweetMD";
			};
			name = Release;
		};
/* End XCBuildConfiguration section */

/* Begin XCConfigurationList section */
		5E1505AA21E95BD00094FF45 /* Build configuration list for PBXProject "TweetMD" */ = {
			isa = XCConfigurationList;
			buildConfigurations = (
				5E1505CA21E95BD30094FF45 /* Debug */,
				5E1505CB21E95BD30094FF45 /* Release */,
			);
			defaultConfigurationIsVisible = 0;
			defaultConfigurationName = Release;
		};
		5E1505CC21E95BD30094FF45 /* Build configuration list for PBXNativeTarget "TweetMD" */ = {
			isa = XCConfigurationList;
			buildConfigurations = (
				5E1505CD21E95BD30094FF45 /* Debug */,
				5E1505CE21E95BD30094FF45 /* Release */,
			);
			defaultConfigurationIsVisible = 0;
			defaultConfigurationName = Release;
		};
		5E1505CF21E95BD30094FF45 /* Build configuration list for PBXNativeTarget "TweetMDTests" */ = {
			isa = XCConfigurationList;
			buildConfigurations = (
				5E1505D021E95BD30094FF45 /* Debug */,
				5E1505D121E95BD30094FF45 /* Release */,
			);
			defaultConfigurationIsVisible = 0;
			defaultConfigurationName = Release;
		};
/* End XCConfigurationList section */
	};
	rootObject = 5E1505A721E95BD00094FF45 /* Project object */;
}
